
Microsoft Visual Studio Solution File, Format Version 12.00
# Visual Studio 2013
VisualStudioVersion = 12.0.31101.0
MinimumVisualStudioVersion = 10.0.40219.1
Project("{FAE04EC0-301F-11D3-BF4B-00C04F79EFBC}") = "PandyIT.HMS.Data.Entities", "HMS\Data\PandyIT.HMS.Data.Entities\PandyIT.HMS.Data.Entities.csproj", "{88451CA0-F9B2-4860-9A6D-6CB0A61AE6E6}"
EndProject
Project("{2150E333-8FDC-42A3-9474-1A3956D46DE8}") = "Data", "Data", "{0A524E30-B878-4FB1-9627-CB595E6A7953}"
EndProject
Project("{FAE04EC0-301F-11D3-BF4B-00C04F79EFBC}") = "PandyIT.HMS.Data.Repository", "HMS\Data\PandyIT.HMS.Data.Repository\PandyIT.HMS.Data.Repository.csproj", "{0E7DE1DE-2950-43E4-953C-B036408776D5}"
EndProject
Project("{FAE04EC0-301F-11D3-BF4B-00C04F79EFBC}") = "PandyIT.Core", "PandyIT.Core\PandyIT.Core.csproj", "{8A75D052-D912-48CE-ABBD-24A752D0CBDD}"
EndProject
Project("{2150E333-8FDC-42A3-9474-1A3956D46DE8}") = "Core", "Core", "{3F5F6226-1711-4C41-A19D-F8D4CF96D2B5}"
EndProject
Project("{FAE04EC0-301F-11D3-BF4B-00C04F79EFBC}") = "PandyIT.HMS.Business.Logic", "HMS\Business\PandyIT.HMS.Business.Logic\PandyIT.HMS.Business.Logic.csproj", "{C608B8C1-6F10-4884-A938-416904953E81}"
EndProject
Project("{2150E333-8FDC-42A3-9474-1A3956D46DE8}") = "Business", "Business", "{94083F19-DD3D-4A78-89B0-9DFCE72D5E0C}"
EndProject
Project("{FAE04EC0-301F-11D3-BF4B-00C04F79EFBC}") = "PandyIT.HMS.Services.WCF", "HMS\Services\PandyIT.HMS.Services.WCF\PandyIT.HMS.Services.WCF.csproj", "{7ABA8D7D-7618-467A-B1C1-E594E3E9A79F}"
EndProject
Project("{2150E333-8FDC-42A3-9474-1A3956D46DE8}") = "Services", "Services", "{1DCED9A8-CE2C-49BF-9228-0329109DF525}"
EndProject
Project("{FAE04EC0-301F-11D3-BF4B-00C04F79EFBC}") = "PandyIT.HMS.UI.MVCFrontEnd", "HMS\UI\PandyIT.HMS.UI.MVCFrontEnd\PandyIT.HMS.UI.MVCFrontEnd.csproj", "{237C505E-8C73-48E3-B7F0-DE817B15B6B5}"
EndProject
Project("{2150E333-8FDC-42A3-9474-1A3956D46DE8}") = "UI", "UI", "{8DAB4246-E445-4F80-B118-EF5700FBF38E}"
EndProject
Global
	GlobalSection(SolutionConfigurationPlatforms) = preSolution
		Debug|Any CPU = Debug|Any CPU
		Release|Any CPU = Release|Any CPU
	EndGlobalSection
	GlobalSection(ProjectConfigurationPlatforms) = postSolution
		{88451CA0-F9B2-4860-9A6D-6CB0A61AE6E6}.Debug|Any CPU.ActiveCfg = Debug|Any CPU
		{88451CA0-F9B2-4860-9A6D-6CB0A61AE6E6}.Debug|Any CPU.Build.0 = Debug|Any CPU
		{88451CA0-F9B2-4860-9A6D-6CB0A61AE6E6}.Release|Any CPU.ActiveCfg = Release|Any CPU
		{88451CA0-F9B2-4860-9A6D-6CB0A61AE6E6}.Release|Any CPU.Build.0 = Release|Any CPU
		{0E7DE1DE-2950-43E4-953C-B036408776D5}.Debug|Any CPU.ActiveCfg = Debug|Any CPU
		{0E7DE1DE-2950-43E4-953C-B036408776D5}.Debug|Any CPU.Build.0 = Debug|Any CPU
		{0E7DE1DE-2950-43E4-953C-B036408776D5}.Release|Any CPU.ActiveCfg = Release|Any CPU
		{0E7DE1DE-2950-43E4-953C-B036408776D5}.Release|Any CPU.Build.0 = Release|Any CPU
		{8A75D052-D912-48CE-ABBD-24A752D0CBDD}.Debug|Any CPU.ActiveCfg = Debug|Any CPU
		{8A75D052-D912-48CE-ABBD-24A752D0CBDD}.Debug|Any CPU.Build.0 = Debug|Any CPU
		{8A75D052-D912-48CE-ABBD-24A752D0CBDD}.Release|Any CPU.ActiveCfg = Release|Any CPU
		{8A75D052-D912-48CE-ABBD-24A752D0CBDD}.Release|Any CPU.Build.0 = Release|Any CPU
		{C608B8C1-6F10-4884-A938-416904953E81}.Debug|Any CPU.ActiveCfg = Debug|Any CPU
		{C608B8C1-6F10-4884-A938-416904953E81}.Debug|Any CPU.Build.0 = Debug|Any CPU
		{C608B8C1-6F10-4884-A938-416904953E81}.Release|Any CPU.ActiveCfg = Release|Any CPU
		{C608B8C1-6F10-4884-A938-416904953E81}.Release|Any CPU.Build.0 = Release|Any CPU
		{7ABA8D7D-7618-467A-B1C1-E594E3E9A79F}.Debug|Any CPU.ActiveCfg = Debug|Any CPU
		{7ABA8D7D-7618-467A-B1C1-E594E3E9A79F}.Debug|Any CPU.Build.0 = Debug|Any CPU
		{7ABA8D7D-7618-467A-B1C1-E594E3E9A79F}.Release|Any CPU.ActiveCfg = Release|Any CPU
		{7ABA8D7D-7618-467A-B1C1-E594E3E9A79F}.Release|Any CPU.Build.0 = Release|Any CPU
		{237C505E-8C73-48E3-B7F0-DE817B15B6B5}.Debug|Any CPU.ActiveCfg = Debug|Any CPU
		{237C505E-8C73-48E3-B7F0-DE817B15B6B5}.Debug|Any CPU.Build.0 = Debug|Any CPU
		{237C505E-8C73-48E3-B7F0-DE817B15B6B5}.Release|Any CPU.ActiveCfg = Release|Any CPU
		{237C505E-8C73-48E3-B7F0-DE817B15B6B5}.Release|Any CPU.Build.0 = Release|Any CPU
	EndGlobalSection
	GlobalSection(SolutionProperties) = preSolution
		HideSolutionNode = FALSE
	EndGlobalSection
	GlobalSection(NestedProjects) = preSolution
		{88451CA0-F9B2-4860-9A6D-6CB0A61AE6E6} = {0A524E30-B878-4FB1-9627-CB595E6A7953}
		{0E7DE1DE-2950-43E4-953C-B036408776D5} = {0A524E30-B878-4FB1-9627-CB595E6A7953}
		{8A75D052-D912-48CE-ABBD-24A752D0CBDD} = {3F5F6226-1711-4C41-A19D-F8D4CF96D2B5}
		{C608B8C1-6F10-4884-A938-416904953E81} = {94083F19-DD3D-4A78-89B0-9DFCE72D5E0C}
		{7ABA8D7D-7618-467A-B1C1-E594E3E9A79F} = {1DCED9A8-CE2C-49BF-9228-0329109DF525}
		{237C505E-8C73-48E3-B7F0-DE817B15B6B5} = {8DAB4246-E445-4F80-B118-EF5700FBF38E}
	EndGlobalSection
EndGlobal
